
Microsoft Visual Studio Solution File, Format Version 12.00
# Visual Studio 15
VisualStudioVersion = 15.0.28307.168
MinimumVisualStudioVersion = 10.0.40219.1
Project("{FAE04EC0-301F-11D3-BF4B-00C04F79EFBC}") = "WMS", "WMS\WMS.csproj", "{83C679AA-933D-4442-871C-332E06DB2506}"
EndProject
Global
	GlobalSection(SolutionConfigurationPlatforms) = preSolution
		Debug|Any CPU = Debug|Any CPU
		Release|Any CPU = Release|Any CPU
	EndGlobalSection
	GlobalSection(ProjectConfigurationPlatforms) = postSolution
		{83C679AA-933D-4442-871C-332E06DB2506}.Debug|Any CPU.ActiveCfg = Debug|Any CPU
		{83C679AA-933D-4442-871C-332E06DB2506}.Debug|Any CPU.Build.0 = Debug|Any CPU
		{83C679AA-933D-4442-871C-332E06DB2506}.Release|Any CPU.ActiveCfg = Release|Any CPU
		{83C679AA-933D-4442-871C-332E06DB2506}.Release|Any CPU.Build.0 = Release|Any CPU
	EndGlobalSection
	GlobalSection(SolutionProperties) = preSolution
		HideSolutionNode = FALSE
	EndGlobalSection
	GlobalSection(ExtensibilityGlobals) = postSolution
		SolutionGuid = {235F32A0-7FAA-4385-BD0E-A6C6860054C7}
	EndGlobalSection
EndGlobal
